
Microsoft Visual Studio Solution File, Format Version 12.00
# Visual Studio Version 16
VisualStudioVersion = 16.0.30907.101
MinimumVisualStudioVersion = 10.0.40219.1
Project("{FAE04EC0-301F-11D3-BF4B-00C04F79EFBC}") = "BillPrima", "BillPrima\BillPrima.csproj", "{F2E6D4D4-4D24-411D-8D42-012689F06A8C}"
EndProject
Global
	GlobalSection(SolutionConfigurationPlatforms) = preSolution
		Debug|Any CPU = Debug|Any CPU
		Release|Any CPU = Release|Any CPU
	EndGlobalSection
	GlobalSection(ProjectConfigurationPlatforms) = postSolution
		{F2E6D4D4-4D24-411D-8D42-012689F06A8C}.Debug|Any CPU.ActiveCfg = Debug|Any CPU
		{F2E6D4D4-4D24-411D-8D42-012689F06A8C}.Debug|Any CPU.Build.0 = Debug|Any CPU
		{F2E6D4D4-4D24-411D-8D42-012689F06A8C}.Release|Any CPU.ActiveCfg = Release|Any CPU
		{F2E6D4D4-4D24-411D-8D42-012689F06A8C}.Release|Any CPU.Build.0 = Release|Any CPU
	EndGlobalSection
	GlobalSection(SolutionProperties) = preSolution
		HideSolutionNode = FALSE
	EndGlobalSection
	GlobalSection(ExtensibilityGlobals) = postSolution
		SolutionGuid = {62E27B33-F044-4774-A756-99C767D4A349}
	EndGlobalSection
EndGlobal
